
Microsoft Visual Studio Solution File, Format Version 12.00
# Visual Studio Version 16
VisualStudioVersion = 16.0.31624.102
MinimumVisualStudioVersion = 10.0.40219.1
Project("{FAE04EC0-301F-11D3-BF4B-00C04F79EFBC}") = "LW 6", "LW 6.csproj", "{B81A60CD-1A06-4B4E-AE6E-35515AEACF13}"
EndProject
Global
	GlobalSection(SolutionConfigurationPlatforms) = preSolution
		Debug|Any CPU = Debug|Any CPU
		Release|Any CPU = Release|Any CPU
	EndGlobalSection
	GlobalSection(ProjectConfigurationPlatforms) = postSolution
		{B81A60CD-1A06-4B4E-AE6E-35515AEACF13}.Debug|Any CPU.ActiveCfg = Debug|Any CPU
		{B81A60CD-1A06-4B4E-AE6E-35515AEACF13}.Debug|Any CPU.Build.0 = Debug|Any CPU
		{B81A60CD-1A06-4B4E-AE6E-35515AEACF13}.Release|Any CPU.ActiveCfg = Release|Any CPU
		{B81A60CD-1A06-4B4E-AE6E-35515AEACF13}.Release|Any CPU.Build.0 = Release|Any CPU
	EndGlobalSection
	GlobalSection(SolutionProperties) = preSolution
		HideSolutionNode = FALSE
	EndGlobalSection
	GlobalSection(ExtensibilityGlobals) = postSolution
		SolutionGuid = {69ABD818-FD4D-4DF3-B4A7-53F127AD9907}
	EndGlobalSection
EndGlobal
